
Microsoft Visual Studio Solution File, Format Version 12.00
# Visual Studio 15
VisualStudioVersion = 15.0.26730.16
MinimumVisualStudioVersion = 10.0.40219.1
Project("{FAE04EC0-301F-11D3-BF4B-00C04F79EFBC}") = "WindowsFormsApplication1", "WindowsFormsApplication1.csproj", "{A58F39C6-AA50-4847-A59B-7666EAE1FEBB}"
EndProject
Global
	GlobalSection(SolutionConfigurationPlatforms) = preSolution
		Debug|Any CPU = Debug|Any CPU
		Release|Any CPU = Release|Any CPU
	EndGlobalSection
	GlobalSection(ProjectConfigurationPlatforms) = postSolution
		{A58F39C6-AA50-4847-A59B-7666EAE1FEBB}.Debug|Any CPU.ActiveCfg = Debug|Any CPU
		{A58F39C6-AA50-4847-A59B-7666EAE1FEBB}.Debug|Any CPU.Build.0 = Debug|Any CPU
		{A58F39C6-AA50-4847-A59B-7666EAE1FEBB}.Release|Any CPU.ActiveCfg = Release|Any CPU
		{A58F39C6-AA50-4847-A59B-7666EAE1FEBB}.Release|Any CPU.Build.0 = Release|Any CPU
	EndGlobalSection
	GlobalSection(SolutionProperties) = preSolution
		HideSolutionNode = FALSE
	EndGlobalSection
	GlobalSection(ExtensibilityGlobals) = postSolution
		SolutionGuid = {16088958-9B9A-4DE7-BD5C-FD4523E19619}
	EndGlobalSection
EndGlobal
